PODS:
  - Flutter (1.0.0)
  - insta_assets_crop (0.0.1):
    - Flutter
  - photo_manager (3.7.1):
    - Flutter
    - FlutterMacOS
  - sign_in_with_apple (0.0.1):
    - Flutter

DEPENDENCIES:
  - Flutter (from `Flutter`)
  - insta_assets_crop (from `.symlinks/plugins/insta_assets_crop/ios`)
  - photo_manager (from `.symlinks/plugins/photo_manager/ios`)
  - sign_in_with_apple (from `.symlinks/plugins/sign_in_with_apple/ios`)

EXTERNAL SOURCES:
  Flutter:
    :path: Flutter
  insta_assets_crop:
    :path: ".symlinks/plugins/insta_assets_crop/ios"
  photo_manager:
    :path: ".symlinks/plugins/photo_manager/ios"
  sign_in_with_apple:
    :path: ".symlinks/plugins/sign_in_with_apple/ios"

SPEC CHECKSUMS:
  Flutter: cabc95a1d2626b1b06e7179b784ebcf0c0cde467
  insta_assets_crop: 960856014dc16c08c92b02caf56d197fdea56051
  photo_manager: 1d80ae07a89a67dfbcae95953a1e5a24af7c3e62
  sign_in_with_apple: c5dcc141574c8c54d5ac99dd2163c0c72ad22418

PODFILE CHECKSUM: 53a6aebc29ccee84c41f92f409fc20cd4ca011f1

COCOAPODS: 1.16.2
